
Microsoft Visual Studio Solution File, Format Version 12.00
# Visual Studio 2012
Project("{FAE04EC0-301F-11D3-BF4B-00C04F79EFBC}") = "DemoGit", "DemoGit\DemoGit.csproj", "{2706F0AB-19E7-4213-BC4F-9E72AC7DA00C}"
EndProject
Global
	GlobalSection(SolutionConfigurationPlatforms) = preSolution
		Debug|Any CPU = Debug|Any CPU
		Release|Any CPU = Release|Any CPU
	EndGlobalSection
	GlobalSection(ProjectConfigurationPlatforms) = postSolution
		{2706F0AB-19E7-4213-BC4F-9E72AC7DA00C}.Debug|Any CPU.ActiveCfg = Debug|Any CPU
		{2706F0AB-19E7-4213-BC4F-9E72AC7DA00C}.Debug|Any CPU.Build.0 = Debug|Any CPU
		{2706F0AB-19E7-4213-BC4F-9E72AC7DA00C}.Release|Any CPU.ActiveCfg = Release|Any CPU
		{2706F0AB-19E7-4213-BC4F-9E72AC7DA00C}.Release|Any CPU.Build.0 = Release|Any CPU
	EndGlobalSection
	GlobalSection(SolutionProperties) = preSolution
		HideSolutionNode = FALSE
	EndGlobalSection
EndGlobal
